// !$*UTF8*$!
{
	archiveVersion = 1;
	classes = {
	};
	objectVersion = 55;
	objects = {

/* Begin PBXBuildFile section */
		B44EFC1028285F7700D696A9 /* BranchListViewController.swift in Sources */ = {isa = PBXBuildFile; fileRef = B44EFC0F28285F7700D696A9 /* BranchListViewController.swift */; };
		B44EFC122828603200D696A9 /* BranchListPresenter.swift in Sources */ = {isa = PBXBuildFile; fileRef = B44EFC112828603200D696A9 /* BranchListPresenter.swift */; };
		B44EFC142828607700D696A9 /* BranchListInteractor.swift in Sources */ = {isa = PBXBuildFile; fileRef = B44EFC132828607700D696A9 /* BranchListInteractor.swift */; };
		B44EFC162828613D00D696A9 /* BranchDTO.swift in Sources */ = {isa = PBXBuildFile; fileRef = B44EFC152828613D00D696A9 /* BranchDTO.swift */; };
		B44EFC182828632D00D696A9 /* AppEnvironment.swift in Sources */ = {isa = PBXBuildFile; fileRef = B44EFC172828632D00D696A9 /* AppEnvironment.swift */; };
		B44EFC1A282863B500D696A9 /* BranchListModule.swift in Sources */ = {isa = PBXBuildFile; fileRef = B44EFC19282863B500D696A9 /* BranchListModule.swift */; };
		B44EFC1D282868E100D696A9 /* MockRepoListInteractor.swift in Sources */ = {isa = PBXBuildFile; fileRef = B44EFC1C282868E100D696A9 /* MockRepoListInteractor.swift */; };
		B44EFC1F282869EE00D696A9 /* MockRepoListView.swift in Sources */ = {isa = PBXBuildFile; fileRef = B44EFC1E282869EE00D696A9 /* MockRepoListView.swift */; };
		B44EFC2128286A5B00D696A9 /* RepoListPresenterTests.swift in Sources */ = {isa = PBXBuildFile; fileRef = B44EFC2028286A5B00D696A9 /* RepoListPresenterTests.swift */; };
		B4EE774828242EF60076C236 /* AppDelegate.swift in Sources */ = {isa = PBXBuildFile; fileRef = B4EE774728242EF60076C236 /* AppDelegate.swift */; };
		B4EE775328242EF60076C236 /* Assets.xcassets in Resources */ = {isa = PBXBuildFile; fileRef = B4EE775228242EF60076C236 /* Assets.xcassets */; };
		B4EE775628242EF60076C236 /* LaunchScreen.storyboard in Resources */ = {isa = PBXBuildFile; fileRef = B4EE775428242EF60076C236 /* LaunchScreen.storyboard */; };
		B4EE777B28242FC10076C236 /* RepoListViewController.swift in Sources */ = {isa = PBXBuildFile; fileRef = B4EE777A28242FC10076C236 /* RepoListViewController.swift */; };
		B4EE777D2824305C0076C236 /* BasicTableDataSource.swift in Sources */ = {isa = PBXBuildFile; fileRef = B4EE777C2824305C0076C236 /* BasicTableDataSource.swift */; };
		B4EE777F282431B30076C236 /* RepoListModule.swift in Sources */ = {isa = PBXBuildFile; fileRef = B4EE777E282431B30076C236 /* RepoListModule.swift */; };
		B4EE77BD282443010076C236 /* RepoListPresenter.swift in Sources */ = {isa = PBXBuildFile; fileRef = B4EE77BC282443010076C236 /* RepoListPresenter.swift */; };
		B4FC8D40282456210056067C /* RepoListInteractor.swift in Sources */ = {isa = PBXBuildFile; fileRef = B4FC8D3F282456210056067C /* RepoListInteractor.swift */; };
		B4FC8D432824582E0056067C /* NetworkClient.swift in Sources */ = {isa = PBXBuildFile; fileRef = B4FC8D422824582E0056067C /* NetworkClient.swift */; };
		B4FC8D4628245A0B0056067C /* RepositoriesCodable.swift in Sources */ = {isa = PBXBuildFile; fileRef = B4FC8D4528245A0B0056067C /* RepositoriesCodable.swift */; };
		B4FC8D4928245D2D0056067C /* Endpoint.swift in Sources */ = {isa = PBXBuildFile; fileRef = B4FC8D4828245D2D0056067C /* Endpoint.swift */; };
		B4FC8D4D28258BB90056067C /* BranchCodable.swift in Sources */ = {isa = PBXBuildFile; fileRef = B4FC8D4C28258BB90056067C /* BranchCodable.swift */; };
		B4FC8D502825A5A80056067C /* RepositoriesDTO.swift in Sources */ = {isa = PBXBuildFile; fileRef = B4FC8D4F2825A5A80056067C /* RepositoriesDTO.swift */; };
/* End PBXBuildFile section */

/* Begin PBXContainerItemProxy section */
		B4EE775D28242EF60076C236 /* PBXContainerItemProxy */ = {
			isa = PBXContainerItemProxy;
			containerPortal = B4EE773C28242EF60076C236 /* Project object */;
			proxyType = 1;
			remoteGlobalIDString = B4EE774328242EF60076C236;
			remoteInfo = VivyRepoApp;
		};
/* End PBXContainerItemProxy section */

/* Begin PBXFileReference section */
		B44EFC0F28285F7700D696A9 /* BranchListViewController.swift */ = {isa = PBXFileReference; lastKnownFileType = sourcecode.swift; path = BranchListViewController.swift; sourceTree = "<group>"; };
		B44EFC112828603200D696A9 /* BranchListPresenter.swift */ = {isa = PBXFileReference; lastKnownFileType = sourcecode.swift; path = BranchListPresenter.swift; sourceTree = "<group>"; };
		B44EFC132828607700D696A9 /* BranchListInteractor.swift */ = {isa = PBXFileReference; lastKnownFileType = sourcecode.swift; path = BranchListInteractor.swift; sourceTree = "<group>"; };
		B44EFC152828613D00D696A9 /* BranchDTO.swift */ = {isa = PBXFileReference; lastKnownFileType = sourcecode.swift; path = BranchDTO.swift; sourceTree = "<group>"; };
		B44EFC172828632D00D696A9 /* AppEnvironment.swift */ = {isa = PBXFileReference; lastKnownFileType = sourcecode.swift; path = AppEnvironment.swift; sourceTree = "<group>"; };
		B44EFC19282863B500D696A9 /* BranchListModule.swift */ = {isa = PBXFileReference; lastKnownFileType = sourcecode.swift; path = BranchListModule.swift; sourceTree = "<group>"; };
		B44EFC1C282868E100D696A9 /* MockRepoListInteractor.swift */ = {isa = PBXFileReference; lastKnownFileType = sourcecode.swift; path = MockRepoListInteractor.swift; sourceTree = "<group>"; };
		B44EFC1E282869EE00D696A9 /* MockRepoListView.swift */ = {isa = PBXFileReference; lastKnownFileType = sourcecode.swift; path = MockRepoListView.swift; sourceTree = "<group>"; };
		B44EFC2028286A5B00D696A9 /* RepoListPresenterTests.swift */ = {isa = PBXFileReference; lastKnownFileType = sourcecode.swift; path = RepoListPresenterTests.swift; sourceTree = "<group>"; };
		B4EE774428242EF60076C236 /* VivyRepoApp.app */ = {isa = PBXFileReference; explicitFileType = wrapper.application; includeInIndex = 0; path = VivyRepoApp.app; sourceTree = BUILT_PRODUCTS_DIR; };
		B4EE774728242EF60076C236 /* AppDelegate.swift */ = {isa = PBXFileReference; lastKnownFileType = sourcecode.swift; path = AppDelegate.swift; sourceTree = "<group>"; };
		B4EE775228242EF60076C236 /* Assets.xcassets */ = {isa = PBXFileReference; lastKnownFileType = folder.assetcatalog; path = Assets.xcassets; sourceTree = "<group>"; };
		B4EE775528242EF60076C236 /* Base */ = {isa = PBXFileReference; lastKnownFileType = file.storyboard; name = Base; path = Base.lproj/LaunchScreen.storyboard; sourceTree = "<group>"; };
		B4EE775728242EF60076C236 /* Info.plist */ = {isa = PBXFileReference; lastKnownFileType = text.plist.xml; path = Info.plist; sourceTree = "<group>"; };
		B4EE775C28242EF60076C236 /* VivyRepoAppTests.xctest */ = {isa = PBXFileReference; explicitFileType = wrapper.cfbundle; includeInIndex = 0; path = VivyRepoAppTests.xctest; sourceTree = BUILT_PRODUCTS_DIR; };
		B4EE777A28242FC10076C236 /* RepoListViewController.swift */ = {isa = PBXFileReference; lastKnownFileType = sourcecode.swift; path = RepoListViewController.swift; sourceTree = "<group>"; };
		B4EE777C2824305C0076C236 /* BasicTableDataSource.swift */ = {isa = PBXFileReference; lastKnownFileType = sourcecode.swift; path = BasicTableDataSource.swift; sourceTree = "<group>"; };
		B4EE777E282431B30076C236 /* RepoListModule.swift */ = {isa = PBXFileReference; lastKnownFileType = sourcecode.swift; path = RepoListModule.swift; sourceTree = "<group>"; };
		B4EE77BC282443010076C236 /* RepoListPresenter.swift */ = {isa = PBXFileReference; lastKnownFileType = sourcecode.swift; path = RepoListPresenter.swift; sourceTree = "<group>"; };
		B4FC8D3F282456210056067C /* RepoListInteractor.swift */ = {isa = PBXFileReference; lastKnownFileType = sourcecode.swift; path = RepoListInteractor.swift; sourceTree = "<group>"; };
		B4FC8D422824582E0056067C /* NetworkClient.swift */ = {isa = PBXFileReference; lastKnownFileType = sourcecode.swift; path = NetworkClient.swift; sourceTree = "<group>"; };
		B4FC8D4528245A0B0056067C /* RepositoriesCodable.swift */ = {isa = PBXFileReference; lastKnownFileType = sourcecode.swift; path = RepositoriesCodable.swift; sourceTree = "<group>"; };
		B4FC8D4828245D2D0056067C /* Endpoint.swift */ = {isa = PBXFileReference; lastKnownFileType = sourcecode.swift; path = Endpoint.swift; sourceTree = "<group>"; };
		B4FC8D4C28258BB90056067C /* BranchCodable.swift */ = {isa = PBXFileReference; lastKnownFileType = sourcecode.swift; path = BranchCodable.swift; sourceTree = "<group>"; };
		B4FC8D4F2825A5A80056067C /* RepositoriesDTO.swift */ = {isa = PBXFileReference; lastKnownFileType = sourcecode.swift; path = RepositoriesDTO.swift; sourceTree = "<group>"; };
/* End PBXFileReference section */

/* Begin PBXFrameworksBuildPhase section */
		B4EE774128242EF60076C236 /* Frameworks */ = {
			isa = PBXFrameworksBuildPhase;
			buildActionMask = 2147483647;
			files = (
			);
			runOnlyForDeploymentPostprocessing = 0;
		};
		B4EE775928242EF60076C236 /* Frameworks */ = {
			isa = PBXFrameworksBuildPhase;
			buildActionMask = 2147483647;
			files = (
			);
			runOnlyForDeploymentPostprocessing = 0;
		};
/* End PBXFrameworksBuildPhase section */

/* Begin PBXGroup section */
		B44EFC0E28285F5E00D696A9 /* BranchList */ = {
			isa = PBXGroup;
			children = (
				B44EFC0F28285F7700D696A9 /* BranchListViewController.swift */,
				B44EFC112828603200D696A9 /* BranchListPresenter.swift */,
				B44EFC132828607700D696A9 /* BranchListInteractor.swift */,
				B44EFC19282863B500D696A9 /* BranchListModule.swift */,
			);
			path = BranchList;
			sourceTree = "<group>";
		};
		B44EFC1B282868CA00D696A9 /* Mocks */ = {
			isa = PBXGroup;
			children = (
				B44EFC1C282868E100D696A9 /* MockRepoListInteractor.swift */,
				B44EFC1E282869EE00D696A9 /* MockRepoListView.swift */,
			);
			path = Mocks;
			sourceTree = "<group>";
		};
		B4EE773B28242EF60076C236 = {
			isa = PBXGroup;
			children = (
				B4EE774628242EF60076C236 /* VivyRepoApp */,
				B4EE775F28242EF60076C236 /* VivyRepoAppTests */,
				B4EE774528242EF60076C236 /* Products */,
			);
			sourceTree = "<group>";
		};
		B4EE774528242EF60076C236 /* Products */ = {
			isa = PBXGroup;
			children = (
				B4EE774428242EF60076C236 /* VivyRepoApp.app */,
				B4EE775C28242EF60076C236 /* VivyRepoAppTests.xctest */,
			);
			name = Products;
			sourceTree = "<group>";
		};
		B4EE774628242EF60076C236 /* VivyRepoApp */ = {
			isa = PBXGroup;
			children = (
				B44EFC0E28285F5E00D696A9 /* BranchList */,
				B4EE777928242FAB0076C236 /* RepoList */,
				B4FC8D412824581F0056067C /* Shared */,
				B4EE774728242EF60076C236 /* AppDelegate.swift */,
				B4EE775228242EF60076C236 /* Assets.xcassets */,
				B4EE775428242EF60076C236 /* LaunchScreen.storyboard */,
				B4EE775728242EF60076C236 /* Info.plist */,
			);
			path = VivyRepoApp;
			sourceTree = "<group>";
		};
		B4EE775F28242EF60076C236 /* VivyRepoAppTests */ = {
			isa = PBXGroup;
			children = (
				B44EFC1B282868CA00D696A9 /* Mocks */,
				B44EFC2028286A5B00D696A9 /* RepoListPresenterTests.swift */,
			);
			path = VivyRepoAppTests;
			sourceTree = "<group>";
		};
		B4EE777928242FAB0076C236 /* RepoList */ = {
			isa = PBXGroup;
			children = (
				B4EE777A28242FC10076C236 /* RepoListViewController.swift */,
				B4EE777C2824305C0076C236 /* BasicTableDataSource.swift */,
				B4EE777E282431B30076C236 /* RepoListModule.swift */,
				B4EE77BC282443010076C236 /* RepoListPresenter.swift */,
				B4FC8D3F282456210056067C /* RepoListInteractor.swift */,
			);
			path = RepoList;
			sourceTree = "<group>";
		};
		B4FC8D412824581F0056067C /* Shared */ = {
			isa = PBXGroup;
			children = (
				B4FC8D4E2825A5960056067C /* DTOs */,
				B4FC8D4728245D1F0056067C /* Network */,
				B4FC8D44282459CC0056067C /* Codable */,
			);
			path = Shared;
			sourceTree = "<group>";
		};
		B4FC8D44282459CC0056067C /* Codable */ = {
			isa = PBXGroup;
			children = (
				B4FC8D4528245A0B0056067C /* RepositoriesCodable.swift */,
				B4FC8D4C28258BB90056067C /* BranchCodable.swift */,
			);
			path = Codable;
			sourceTree = "<group>";
		};
		B4FC8D4728245D1F0056067C /* Network */ = {
			isa = PBXGroup;
			children = (
				B4FC8D422824582E0056067C /* NetworkClient.swift */,
				B4FC8D4828245D2D0056067C /* Endpoint.swift */,
				B44EFC172828632D00D696A9 /* AppEnvironment.swift */,
			);
			path = Network;
			sourceTree = "<group>";
		};
		B4FC8D4E2825A5960056067C /* DTOs */ = {
			isa = PBXGroup;
			children = (
				B4FC8D4F2825A5A80056067C /* RepositoriesDTO.swift */,
				B44EFC152828613D00D696A9 /* BranchDTO.swift */,
			);
			path = DTOs;
			sourceTree = "<group>";
		};
/* End PBXGroup section */

/* Begin PBXNativeTarget section */
		B4EE774328242EF60076C236 /* VivyRepoApp */ = {
			isa = PBXNativeTarget;
			buildConfigurationList = B4EE777028242EF60076C236 /* Build configuration list for PBXNativeTarget "VivyRepoApp" */;
			buildPhases = (
				B4EE774028242EF60076C236 /* Sources */,
				B4EE774128242EF60076C236 /* Frameworks */,
				B4EE774228242EF60076C236 /* Resources */,
			);
			buildRules = (
			);
			dependencies = (
			);
			name = VivyRepoApp;
			productName = VivyRepoApp;
			productReference = B4EE774428242EF60076C236 /* VivyRepoApp.app */;
			productType = "com.apple.product-type.application";
		};
		B4EE775B28242EF60076C236 /* VivyRepoAppTests */ = {
			isa = PBXNativeTarget;
			buildConfigurationList = B4EE777328242EF60076C236 /* Build configuration list for PBXNativeTarget "VivyRepoAppTests" */;
			buildPhases = (
				B4EE775828242EF60076C236 /* Sources */,
				B4EE775928242EF60076C236 /* Frameworks */,
				B4EE775A28242EF60076C236 /* Resources */,
			);
			buildRules = (
			);
			dependencies = (
				B4EE775E28242EF60076C236 /* PBXTargetDependency */,
			);
			name = VivyRepoAppTests;
			productName = VivyRepoAppTests;
			productReference = B4EE775C28242EF60076C236 /* VivyRepoAppTests.xctest */;
			productType = "com.apple.product-type.bundle.unit-test";
		};
/* End PBXNativeTarget section */

/* Begin PBXProject section */
		B4EE773C28242EF60076C236 /* Project object */ = {
			isa = PBXProject;
			attributes = {
				BuildIndependentTargetsInParallel = 1;
				LastSwiftUpdateCheck = 1330;
				LastUpgradeCheck = 1330;
				TargetAttributes = {
					B4EE774328242EF60076C236 = {
						CreatedOnToolsVersion = 13.3.1;
					};
					B4EE775B28242EF60076C236 = {
						CreatedOnToolsVersion = 13.3.1;
						TestTargetID = B4EE774328242EF60076C236;
					};
				};
			};
			buildConfigurationList = B4EE773F28242EF60076C236 /* Build configuration list for PBXProject "VivyRepoApp" */;
			compatibilityVersion = "Xcode 13.0";
			developmentRegion = en;
			hasScannedForEncodings = 0;
			knownRegions = (
				en,
				Base,
			);
			mainGroup = B4EE773B28242EF60076C236;
			productRefGroup = B4EE774528242EF60076C236 /* Products */;
			projectDirPath = "";
			projectRoot = "";
			targets = (
				B4EE774328242EF60076C236 /* VivyRepoApp */,
				B4EE775B28242EF60076C236 /* VivyRepoAppTests */,
			);
		};
/* End PBXProject section */

/* Begin PBXResourcesBuildPhase section */
		B4EE774228242EF60076C236 /* Resources */ = {
			isa = PBXResourcesBuildPhase;
			buildActionMask = 2147483647;
			files = (
				B4EE775628242EF60076C236 /* LaunchScreen.storyboard in Resources */,
				B4EE775328242EF60076C236 /* Assets.xcassets in Resources */,
			);
			runOnlyForDeploymentPostprocessing = 0;
		};
		B4EE775A28242EF60076C236 /* Resources */ = {
			isa = PBXResourcesBuildPhase;
			buildActionMask = 2147483647;
			files = (
			);
			runOnlyForDeploymentPostprocessing = 0;
		};
/* End PBXResourcesBuildPhase section */

/* Begin PBXSourcesBuildPhase section */
		B4EE774028242EF60076C236 /* Sources */ = {
			isa = PBXSourcesBuildPhase;
			buildActionMask = 2147483647;
			files = (
				B4EE777B28242FC10076C236 /* RepoListViewController.swift in Sources */,
				B44EFC122828603200D696A9 /* BranchListPresenter.swift in Sources */,
				B44EFC142828607700D696A9 /* BranchListInteractor.swift in Sources */,
				B44EFC162828613D00D696A9 /* BranchDTO.swift in Sources */,
				B4FC8D40282456210056067C /* RepoListInteractor.swift in Sources */,
				B4FC8D4628245A0B0056067C /* RepositoriesCodable.swift in Sources */,
				B44EFC182828632D00D696A9 /* AppEnvironment.swift in Sources */,
				B4FC8D4928245D2D0056067C /* Endpoint.swift in Sources */,
				B4FC8D502825A5A80056067C /* RepositoriesDTO.swift in Sources */,
				B44EFC1A282863B500D696A9 /* BranchListModule.swift in Sources */,
				B4EE774828242EF60076C236 /* AppDelegate.swift in Sources */,
				B4EE77BD282443010076C236 /* RepoListPresenter.swift in Sources */,
				B4EE777D2824305C0076C236 /* BasicTableDataSource.swift in Sources */,
				B4EE777F282431B30076C236 /* RepoListModule.swift in Sources */,
				B4FC8D4D28258BB90056067C /* BranchCodable.swift in Sources */,
				B44EFC1028285F7700D696A9 /* BranchListViewController.swift in Sources */,
				B4FC8D432824582E0056067C /* NetworkClient.swift in Sources */,
			);
			runOnlyForDeploymentPostprocessing = 0;
		};
		B4EE775828242EF60076C236 /* Sources */ = {
			isa = PBXSourcesBuildPhase;
			buildActionMask = 2147483647;
			files = (
				B44EFC2128286A5B00D696A9 /* RepoListPresenterTests.swift in Sources */,
				B44EFC1D282868E100D696A9 /* MockRepoListInteractor.swift in Sources */,
				B44EFC1F282869EE00D696A9 /* MockRepoListView.swift in Sources */,
			);
			runOnlyForDeploymentPostprocessing = 0;
		};
/* End PBXSourcesBuildPhase section */

/* Begin PBXTargetDependency section */
		B4EE775E28242EF60076C236 /* PBXTargetDependency */ = {
			isa = PBXTargetDependency;
			target = B4EE774328242EF60076C236 /* VivyRepoApp */;
			targetProxy = B4EE775D28242EF60076C236 /* PBXContainerItemProxy */;
		};
/* End PBXTargetDependency section */

/* Begin PBXVariantGroup section */
		B4EE775428242EF60076C236 /* LaunchScreen.storyboard */ = {
			isa = PBXVariantGroup;
			children = (
				B4EE775528242EF60076C236 /* Base */,
			);
			name = LaunchScreen.storyboard;
			sourceTree = "<group>";
		};
/* End PBXVariantGroup section */

/* Begin XCBuildConfiguration section */
		B4EE776E28242EF60076C236 /* Debug */ = {
			isa = XCBuildConfiguration;
			buildSettings = {
				ALWAYS_SEARCH_USER_PATHS = NO;
				CLANG_ANALYZER_NONNULL = YES;
				CLANG_ANALYZER_NUMBER_OBJECT_CONVERSION = YES_AGGRESSIVE;
				CLANG_CXX_LANGUAGE_STANDARD = "gnu++17";
				CLANG_ENABLE_MODULES = YES;
				CLANG_ENABLE_OBJC_ARC = YES;
				CLANG_ENABLE_OBJC_WEAK = YES;
				CLANG_WARN_BLOCK_CAPTURE_AUTORELEASING = YES;
				CLANG_WARN_BOOL_CONVERSION = YES;
				CLANG_WARN_COMMA = YES;
				CLANG_WARN_CONSTANT_CONVERSION = YES;
				CLANG_WARN_DEPRECATED_OBJC_IMPLEMENTATIONS = YES;
				CLANG_WARN_DIRECT_OBJC_ISA_USAGE = YES_ERROR;
				CLANG_WARN_DOCUMENTATION_COMMENTS = YES;
				CLANG_WARN_EMPTY_BODY = YES;
				CLANG_WARN_ENUM_CONVERSION = YES;
				CLANG_WARN_INFINITE_RECURSION = YES;
				CLANG_WARN_INT_CONVERSION = YES;
				CLANG_WARN_NON_LITERAL_NULL_CONVERSION = YES;
				CLANG_WARN_OBJC_IMPLICIT_RETAIN_SELF = YES;
				CLANG_WARN_OBJC_LITERAL_CONVERSION = YES;
				CLANG_WARN_OBJC_ROOT_CLASS = YES_ERROR;
				CLANG_WARN_QUOTED_INCLUDE_IN_FRAMEWORK_HEADER = YES;
				CLANG_WARN_RANGE_LOOP_ANALYSIS = YES;
				CLANG_WARN_STRICT_PROTOTYPES = YES;
				CLANG_WARN_SUSPICIOUS_MOVE = YES;
				CLANG_WARN_UNGUARDED_AVAILABILITY = YES_AGGRESSIVE;
				CLANG_WARN_UNREACHABLE_CODE = YES;
				CLANG_WARN__DUPLICATE_METHOD_MATCH = YES;
				COPY_PHASE_STRIP = NO;
				DEBUG_INFORMATION_FORMAT = dwarf;
				ENABLE_STRICT_OBJC_MSGSEND = YES;
				ENABLE_TESTABILITY = YES;
				GCC_C_LANGUAGE_STANDARD = gnu11;
				GCC_DYNAMIC_NO_PIC = NO;
				GCC_NO_COMMON_BLOCKS = YES;
				GCC_OPTIMIZATION_LEVEL = 0;
				GCC_PREPROCESSOR_DEFINITIONS = (
					"DEBUG=1",
					"$(inherited)",
				);
				GCC_WARN_64_TO_32_BIT_CONVERSION = YES;
				GCC_WARN_ABOUT_RETURN_TYPE = YES_ERROR;
				GCC_WARN_UNDECLARED_SELECTOR = YES;
				GCC_WARN_UNINITIALIZED_AUTOS = YES_AGGRESSIVE;
				GCC_WARN_UNUSED_FUNCTION = YES;
				GCC_WARN_UNUSED_VARIABLE = YES;
				IPHONEOS_DEPLOYMENT_TARGET = 15.4;
				MTL_ENABLE_DEBUG_INFO = INCLUDE_SOURCE;
				MTL_FAST_MATH = YES;
				ONLY_ACTIVE_ARCH = YES;
				SDKROOT = iphoneos;
				SWIFT_ACTIVE_COMPILATION_CONDITIONS = DEBUG;
				SWIFT_OPTIMIZATION_LEVEL = "-Onone";
			};
			name = Debug;
		};
		B4EE776F28242EF60076C236 /* Release */ = {
			isa = XCBuildConfiguration;
			buildSettings = {
				ALWAYS_SEARCH_USER_PATHS = NO;
				CLANG_ANALYZER_NONNULL = YES;
				CLANG_ANALYZER_NUMBER_OBJECT_CONVERSION = YES_AGGRESSIVE;
				CLANG_CXX_LANGUAGE_STANDARD = "gnu++17";
				CLANG_ENABLE_MODULES = YES;
				CLANG_ENABLE_OBJC_ARC = YES;
				CLANG_ENABLE_OBJC_WEAK = YES;
				CLANG_WARN_BLOCK_CAPTURE_AUTORELEASING = YES;
				CLANG_WARN_BOOL_CONVERSION = YES;
				CLANG_WARN_COMMA = YES;
				CLANG_WARN_CONSTANT_CONVERSION = YES;
				CLANG_WARN_DEPRECATED_OBJC_IMPLEMENTATIONS = YES;
				CLANG_WARN_DIRECT_OBJC_ISA_USAGE = YES_ERROR;
				CLANG_WARN_DOCUMENTATION_COMMENTS = YES;
				CLANG_WARN_EMPTY_BODY = YES;
				CLANG_WARN_ENUM_CONVERSION = YES;
				CLANG_WARN_INFINITE_RECURSION = YES;
				CLANG_WARN_INT_CONVERSION = YES;
				CLANG_WARN_NON_LITERAL_NULL_CONVERSION = YES;
				CLANG_WARN_OBJC_IMPLICIT_RETAIN_SELF = YES;
				CLANG_WARN_OBJC_LITERAL_CONVERSION = YES;
				CLANG_WARN_OBJC_ROOT_CLASS = YES_ERROR;
				CLANG_WARN_QUOTED_INCLUDE_IN_FRAMEWORK_HEADER = YES;
				CLANG_WARN_RANGE_LOOP_ANALYSIS = YES;
				CLANG_WARN_STRICT_PROTOTYPES = YES;
				CLANG_WARN_SUSPICIOUS_MOVE = YES;
				CLANG_WARN_UNGUARDED_AVAILABILITY = YES_AGGRESSIVE;
				CLANG_WARN_UNREACHABLE_CODE = YES;
				CLANG_WARN__DUPLICATE_METHOD_MATCH = YES;
				COPY_PHASE_STRIP = NO;
				DEBUG_INFORMATION_FORMAT = "dwarf-with-dsym";
				ENABLE_NS_ASSERTIONS = NO;
				ENABLE_STRICT_OBJC_MSGSEND = YES;
				GCC_C_LANGUAGE_STANDARD = gnu11;
				GCC_NO_COMMON_BLOCKS = YES;
				GCC_WARN_64_TO_32_BIT_CONVERSION = YES;
				GCC_WARN_ABOUT_RETURN_TYPE = YES_ERROR;
				GCC_WARN_UNDECLARED_SELECTOR = YES;
				GCC_WARN_UNINITIALIZED_AUTOS = YES_AGGRESSIVE;
				GCC_WARN_UNUSED_FUNCTION = YES;
				GCC_WARN_UNUSED_VARIABLE = YES;
				IPHONEOS_DEPLOYMENT_TARGET = 15.4;
				MTL_ENABLE_DEBUG_INFO = NO;
				MTL_FAST_MATH = YES;
				SDKROOT = iphoneos;
				SWIFT_COMPILATION_MODE = wholemodule;
				SWIFT_OPTIMIZATION_LEVEL = "-O";
				VALIDATE_PRODUCT = YES;
			};
			name = Release;
		};
		B4EE777128242EF60076C236 /* Debug */ = {
			isa = XCBuildConfiguration;
			buildSettings = {
				ASSETCATALOG_COMPILER_APPICON_NAME = AppIcon;
				ASSETCATALOG_COMPILER_GLOBAL_ACCENT_COLOR_NAME = AccentColor;
				CODE_SIGN_STYLE = Automatic;
				CURRENT_PROJECT_VERSION = 1;
				DEVELOPMENT_TEAM = DJ5GC4T4PK;
				GENERATE_INFOPLIST_FILE = YES;
				INFOPLIST_FILE = VivyRepoApp/Info.plist;
				INFOPLIST_KEY_UIApplicationSupportsIndirectInputEvents = YES;
				INFOPLIST_KEY_UILaunchStoryboardName = LaunchScreen;
				INFOPLIST_KEY_UISupportedInterfaceOrientations_iPad = "UIInterfaceOrientationPortrait UIInterfaceOrientationPortraitUpsideDown UIInterfaceOrientationLandscapeLeft UIInterfaceOrientationLandscapeRight";
				INFOPLIST_KEY_UISupportedInterfaceOrientations_iPhone = "UIInterfaceOrientationPortrait UIInterfaceOrientationLandscapeLeft UIInterfaceOrientationLandscapeRight";
				INFOPLIST_KEY_UISupportsDocumentBrowser = YES;
				LD_RUNPATH_SEARCH_PATHS = (
					"$(inherited)",
					"@executable_path/Frameworks",
				);
				MARKETING_VERSION = 1.0;
				PRODUCT_BUNDLE_IDENTIFIER = com.aprokharau.VivyRepoApp;
				PRODUCT_NAME = "$(TARGET_NAME)";
				SWIFT_EMIT_LOC_STRINGS = YES;
				SWIFT_VERSION = 5.0;
				TARGETED_DEVICE_FAMILY = "1,2";
			};
			name = Debug;
		};
		B4EE777228242EF60076C236 /* Release */ = {
			isa = XCBuildConfiguration;
			buildSettings = {
				ASSETCATALOG_COMPILER_APPICON_NAME = AppIcon;
				ASSETCATALOG_COMPILER_GLOBAL_ACCENT_COLOR_NAME = AccentColor;
				CODE_SIGN_STYLE = Automatic;
				CURRENT_PROJECT_VERSION = 1;
				DEVELOPMENT_TEAM = DJ5GC4T4PK;
				GENERATE_INFOPLIST_FILE = YES;
				INFOPLIST_FILE = VivyRepoApp/Info.plist;
				INFOPLIST_KEY_UIApplicationSupportsIndirectInputEvents = YES;
				INFOPLIST_KEY_UILaunchStoryboardName = LaunchScreen;
				INFOPLIST_KEY_UISupportedInterfaceOrientations_iPad = "UIInterfaceOrientationPortrait UIInterfaceOrientationPortraitUpsideDown UIInterfaceOrientationLandscapeLeft UIInterfaceOrientationLandscapeRight";
				INFOPLIST_KEY_UISupportedInterfaceOrientations_iPhone = "UIInterfaceOrientationPortrait UIInterfaceOrientationLandscapeLeft UIInterfaceOrientationLandscapeRight";
				INFOPLIST_KEY_UISupportsDocumentBrowser = YES;
				LD_RUNPATH_SEARCH_PATHS = (
					"$(inherited)",
					"@executable_path/Frameworks",
				);
				MARKETING_VERSION = 1.0;
				PRODUCT_BUNDLE_IDENTIFIER = com.aprokharau.VivyRepoApp;
				PRODUCT_NAME = "$(TARGET_NAME)";
				SWIFT_EMIT_LOC_STRINGS = YES;
				SWIFT_VERSION = 5.0;
				TARGETED_DEVICE_FAMILY = "1,2";
			};
			name = Release;
		};
		B4EE777428242EF60076C236 /* Debug */ = {
			isa = XCBuildConfiguration;
			buildSettings = {
				ALWAYS_EMBED_SWIFT_STANDARD_LIBRARIES = YES;
				BUNDLE_LOADER = "$(TEST_HOST)";
				CODE_SIGN_STYLE = Automatic;
				CURRENT_PROJECT_VERSION = 1;
				DEVELOPMENT_TEAM = DJ5GC4T4PK;
				GENERATE_INFOPLIST_FILE = YES;
				IPHONEOS_DEPLOYMENT_TARGET = 15.4;
				MARKETING_VERSION = 1.0;
				PRODUCT_BUNDLE_IDENTIFIER = com.aprokharau.VivyRepoAppTests;
				PRODUCT_NAME = "$(TARGET_NAME)";
				SWIFT_EMIT_LOC_STRINGS = NO;
				SWIFT_VERSION = 5.0;
				TARGETED_DEVICE_FAMILY = "1,2";
				TEST_HOST = "$(BUILT_PRODUCTS_DIR)/VivyRepoApp.app/VivyRepoApp";
			};
			name = Debug;
		};
		B4EE777528242EF60076C236 /* Release */ = {
			isa = XCBuildConfiguration;
			buildSettings = {
				ALWAYS_EMBED_SWIFT_STANDARD_LIBRARIES = YES;
				BUNDLE_LOADER = "$(TEST_HOST)";
				CODE_SIGN_STYLE = Automatic;
				CURRENT_PROJECT_VERSION = 1;
				DEVELOPMENT_TEAM = DJ5GC4T4PK;
				GENERATE_INFOPLIST_FILE = YES;
				IPHONEOS_DEPLOYMENT_TARGET = 15.4;
				MARKETING_VERSION = 1.0;
				PRODUCT_BUNDLE_IDENTIFIER = com.aprokharau.VivyRepoAppTests;
				PRODUCT_NAME = "$(TARGET_NAME)";
				SWIFT_EMIT_LOC_STRINGS = NO;
				SWIFT_VERSION = 5.0;
				TARGETED_DEVICE_FAMILY = "1,2";
				TEST_HOST = "$(BUILT_PRODUCTS_DIR)/VivyRepoApp.app/VivyRepoApp";
			};
			name = Release;
		};
/* End XCBuildConfiguration section */

/* Begin XCConfigurationList section */
		B4EE773F28242EF60076C236 /* Build configuration list for PBXProject "VivyRepoApp" */ = {
			isa = XCConfigurationList;
			buildConfigurations = (
				B4EE776E28242EF60076C236 /* Debug */,
				B4EE776F28242EF60076C236 /* Release */,
			);
			defaultConfigurationIsVisible = 0;
			defaultConfigurationName = Release;
		};
		B4EE777028242EF60076C236 /* Build configuration list for PBXNativeTarget "VivyRepoApp" */ = {
			isa = XCConfigurationList;
			buildConfigurations = (
				B4EE777128242EF60076C236 /* Debug */,
				B4EE777228242EF60076C236 /* Release */,
			);
			defaultConfigurationIsVisible = 0;
			defaultConfigurationName = Release;
		};
		B4EE777328242EF60076C236 /* Build configuration list for PBXNativeTarget "VivyRepoAppTests" */ = {
			isa = XCConfigurationList;
			buildConfigurations = (
				B4EE777428242EF60076C236 /* Debug */,
				B4EE777528242EF60076C236 /* Release */,
			);
			defaultConfigurationIsVisible = 0;
			defaultConfigurationName = Release;
		};
/* End XCConfigurationList section */
	};
	rootObject = B4EE773C28242EF60076C236 /* Project object */;
}
